
Microsoft Visual Studio Solution File, Format Version 12.00
# Visual Studio 14
VisualStudioVersion = 14.0.25420.1
MinimumVisualStudioVersion = 10.0.40219.1
Project("{159641D6-6404-4A2A-AE62-294DE0FE8301}") = "PMR Test", "PMR Test\PMR Test.dtproj", "{6B35F6C7-1B1C-4575-9CEB-7A2CBCCD9FA8}"
EndProject
Global
	GlobalSection(SolutionConfigurationPlatforms) = preSolution
		Development|Default = Development|Default
	EndGlobalSection
	GlobalSection(ProjectConfigurationPlatforms) = postSolution
		{6B35F6C7-1B1C-4575-9CEB-7A2CBCCD9FA8}.Development|Default.ActiveCfg = Development
		{6B35F6C7-1B1C-4575-9CEB-7A2CBCCD9FA8}.Development|Default.Build.0 = Development
	EndGlobalSection
	GlobalSection(SolutionProperties) = preSolution
		HideSolutionNode = FALSE
	EndGlobalSection
EndGlobal
